
Microsoft Visual Studio Solution File, Format Version 12.00
# Visual Studio Version 17
VisualStudioVersion = 17.3.32825.248
MinimumVisualStudioVersion = 10.0.40219.1
Project("{9A19103F-16F7-4668-BE54-9A1E7A4F7556}") = "Variables", "Variables\Variables.csproj", "{DD06CEAB-E110-4DF1-85B1-AB083D46E109}"
EndProject
Project("{9A19103F-16F7-4668-BE54-9A1E7A4F7556}") = "Funciones", "Funciones\Funciones.csproj", "{FB49C710-2621-470C-8548-9BA1C8CB8792}"
EndProject
Project("{9A19103F-16F7-4668-BE54-9A1E7A4F7556}") = "While", "While\While.csproj", "{E5FC0786-7599-499E-BE34-96B1AAE584C6}"
EndProject
Project("{9A19103F-16F7-4668-BE54-9A1E7A4F7556}") = "Arreglos", "Arreglos\Arreglos.csproj", "{E3D0472C-4DA2-4F99-831B-BA2DF6175F0B}"
EndProject
Project("{9A19103F-16F7-4668-BE54-9A1E7A4F7556}") = "For", "For\For.csproj", "{FBFA216F-4F13-4787-AEAD-01AA17928190}"
EndProject
Project("{9A19103F-16F7-4668-BE54-9A1E7A4F7556}") = "ClasesYObjetos", "ClasesYObjetos\ClasesYObjetos.csproj", "{681B6324-3D95-4E65-80D6-3D67DF6EB3C0}"
EndProject
Project("{9A19103F-16F7-4668-BE54-9A1E7A4F7556}") = "Propiedades", "Propiedades\Propiedades.csproj", "{59112553-C162-4213-9856-7161AFFCD0A0}"
EndProject
Project("{9A19103F-16F7-4668-BE54-9A1E7A4F7556}") = "Herencia", "Herencia\Herencia.csproj", "{2A5408FE-24E4-45A3-8E21-51802A3B3852}"
EndProject
Project("{9A19103F-16F7-4668-BE54-9A1E7A4F7556}") = "Sobrecarga", "Sobrecarga\Sobrecarga.csproj", "{A84F013C-7312-4EE5-A0A3-B1AA34AA1112}"
EndProject
Project("{9A19103F-16F7-4668-BE54-9A1E7A4F7556}") = "TipoDatos", "TipoDatos\TipoDatos.csproj", "{CB052B45-B39A-41BA-A4D8-4E5788D907E4}"
EndProject
Project("{9A19103F-16F7-4668-BE54-9A1E7A4F7556}") = "Sobreescritura", "Sobreescritura\Sobreescritura.csproj", "{7A55656C-DD9E-4FEC-901B-4F98D898D3D6}"
EndProject
Project("{9A19103F-16F7-4668-BE54-9A1E7A4F7556}") = "Static", "Static\Static.csproj", "{92D1ABEE-1682-43BA-B03C-6ECBDC97C580}"
EndProject
Project("{9A19103F-16F7-4668-BE54-9A1E7A4F7556}") = "Interface", "Interface\Interface.csproj", "{A59E7D91-A88D-444F-AFAB-19E6ABE1C858}"
EndProject
Project("{9A19103F-16F7-4668-BE54-9A1E7A4F7556}") = "Generic", "Generic\Generic.csproj", "{E8E354F5-CBB1-401C-9532-075CB543F568}"
EndProject
Project("{9A19103F-16F7-4668-BE54-9A1E7A4F7556}") = "Json", "Json\Json.csproj", "{A927A789-E569-40E0-8883-3AC2DCC665A7}"
EndProject
Project("{9A19103F-16F7-4668-BE54-9A1E7A4F7556}") = "Lists", "Lists\Lists.csproj", "{2DFE5662-735E-414E-B95A-0EFE1AEA347C}"
EndProject
Project("{9A19103F-16F7-4668-BE54-9A1E7A4F7556}") = "ForEach", "ForEach\ForEach.csproj", "{09129389-C59D-4FDA-A9D3-AF08F3E4CB24}"
EndProject
Project("{9A19103F-16F7-4668-BE54-9A1E7A4F7556}") = "ListCommonMethods", "ListCommonMethods\ListCommonMethods.csproj", "{6AB9C4F6-013A-4A2D-BC67-ABA9F240D61D}"
EndProject
Project("{9A19103F-16F7-4668-BE54-9A1E7A4F7556}") = "TiposAnonimos", "TiposAnonimos\TiposAnonimos.csproj", "{6EA8A6CB-3C2E-442A-8E10-46F21B81C348}"
EndProject
Project("{9A19103F-16F7-4668-BE54-9A1E7A4F7556}") = "Tuplas", "Tuplas\Tuplas.csproj", "{A6DBBCE2-5150-4628-B4D3-16DF3F975D71}"
EndProject
Project("{9A19103F-16F7-4668-BE54-9A1E7A4F7556}") = "Excepciones", "Excepciones\Excepciones.csproj", "{E15FC1C0-5DBF-4294-A86C-858606486D2C}"
EndProject
Project("{9A19103F-16F7-4668-BE54-9A1E7A4F7556}") = "ExcepcionesPersonalizadas", "ExcepcionesPersonalizadas\ExcepcionesPersonalizadas.csproj", "{6076EAE4-E3C5-4AD7-A047-28D38D37E464}"
EndProject
Project("{9A19103F-16F7-4668-BE54-9A1E7A4F7556}") = "LINQ", "LINQ\LINQ.csproj", "{853C0A68-FDB0-4825-A9F7-20A9ED54CE94}"
EndProject
Project("{9A19103F-16F7-4668-BE54-9A1E7A4F7556}") = "LINQ_Join", "LINQ_Join\LINQ_Join.csproj", "{6D01EDD4-0ED2-431A-8ACE-E789795962BD}"
EndProject
Project("{9A19103F-16F7-4668-BE54-9A1E7A4F7556}") = "BaseDeDatos", "BaseDeDatos\BaseDeDatos.csproj", "{F84A98C6-2240-4477-8F38-76D00F58ED5F}"
EndProject
Project("{9A19103F-16F7-4668-BE54-9A1E7A4F7556}") = "BD", "BD\BD.csproj", "{FF2BACA8-CE2E-4FCE-8776-8D65FCC60F64}"
EndProject
Project("{FAE04EC0-301F-11D3-BF4B-00C04F79EFBC}") = "FunctionalProgramming", "FunctionalProgramming\FunctionalProgramming.csproj", "{DA2D61A2-552E-4160-806A-7C0CE783C160}"
EndProject
Global
	GlobalSection(SolutionConfigurationPlatforms) = preSolution
		Debug|Any CPU = Debug|Any CPU
		Release|Any CPU = Release|Any CPU
	EndGlobalSection
	GlobalSection(ProjectConfigurationPlatforms) = postSolution
		{DD06CEAB-E110-4DF1-85B1-AB083D46E109}.Debug|Any CPU.ActiveCfg = Debug|Any CPU
		{DD06CEAB-E110-4DF1-85B1-AB083D46E109}.Debug|Any CPU.Build.0 = Debug|Any CPU
		{DD06CEAB-E110-4DF1-85B1-AB083D46E109}.Release|Any CPU.ActiveCfg = Release|Any CPU
		{DD06CEAB-E110-4DF1-85B1-AB083D46E109}.Release|Any CPU.Build.0 = Release|Any CPU
		{FB49C710-2621-470C-8548-9BA1C8CB8792}.Debug|Any CPU.ActiveCfg = Debug|Any CPU
		{FB49C710-2621-470C-8548-9BA1C8CB8792}.Debug|Any CPU.Build.0 = Debug|Any CPU
		{FB49C710-2621-470C-8548-9BA1C8CB8792}.Release|Any CPU.ActiveCfg = Release|Any CPU
		{FB49C710-2621-470C-8548-9BA1C8CB8792}.Release|Any CPU.Build.0 = Release|Any CPU
		{E5FC0786-7599-499E-BE34-96B1AAE584C6}.Debug|Any CPU.ActiveCfg = Debug|Any CPU
		{E5FC0786-7599-499E-BE34-96B1AAE584C6}.Debug|Any CPU.Build.0 = Debug|Any CPU
		{E5FC0786-7599-499E-BE34-96B1AAE584C6}.Release|Any CPU.ActiveCfg = Release|Any CPU
		{E5FC0786-7599-499E-BE34-96B1AAE584C6}.Release|Any CPU.Build.0 = Release|Any CPU
		{E3D0472C-4DA2-4F99-831B-BA2DF6175F0B}.Debug|Any CPU.ActiveCfg = Debug|Any CPU
		{E3D0472C-4DA2-4F99-831B-BA2DF6175F0B}.Debug|Any CPU.Build.0 = Debug|Any CPU
		{E3D0472C-4DA2-4F99-831B-BA2DF6175F0B}.Release|Any CPU.ActiveCfg = Release|Any CPU
		{E3D0472C-4DA2-4F99-831B-BA2DF6175F0B}.Release|Any CPU.Build.0 = Release|Any CPU
		{FBFA216F-4F13-4787-AEAD-01AA17928190}.Debug|Any CPU.ActiveCfg = Debug|Any CPU
		{FBFA216F-4F13-4787-AEAD-01AA17928190}.Debug|Any CPU.Build.0 = Debug|Any CPU
		{FBFA216F-4F13-4787-AEAD-01AA17928190}.Release|Any CPU.ActiveCfg = Release|Any CPU
		{FBFA216F-4F13-4787-AEAD-01AA17928190}.Release|Any CPU.Build.0 = Release|Any CPU
		{681B6324-3D95-4E65-80D6-3D67DF6EB3C0}.Debug|Any CPU.ActiveCfg = Debug|Any CPU
		{681B6324-3D95-4E65-80D6-3D67DF6EB3C0}.Debug|Any CPU.Build.0 = Debug|Any CPU
		{681B6324-3D95-4E65-80D6-3D67DF6EB3C0}.Release|Any CPU.ActiveCfg = Release|Any CPU
		{681B6324-3D95-4E65-80D6-3D67DF6EB3C0}.Release|Any CPU.Build.0 = Release|Any CPU
		{59112553-C162-4213-9856-7161AFFCD0A0}.Debug|Any CPU.ActiveCfg = Debug|Any CPU
		{59112553-C162-4213-9856-7161AFFCD0A0}.Debug|Any CPU.Build.0 = Debug|Any CPU
		{59112553-C162-4213-9856-7161AFFCD0A0}.Release|Any CPU.ActiveCfg = Release|Any CPU
		{59112553-C162-4213-9856-7161AFFCD0A0}.Release|Any CPU.Build.0 = Release|Any CPU
		{2A5408FE-24E4-45A3-8E21-51802A3B3852}.Debug|Any CPU.ActiveCfg = Debug|Any CPU
		{2A5408FE-24E4-45A3-8E21-51802A3B3852}.Debug|Any CPU.Build.0 = Debug|Any CPU
		{2A5408FE-24E4-45A3-8E21-51802A3B3852}.Release|Any CPU.ActiveCfg = Release|Any CPU
		{2A5408FE-24E4-45A3-8E21-51802A3B3852}.Release|Any CPU.Build.0 = Release|Any CPU
		{A84F013C-7312-4EE5-A0A3-B1AA34AA1112}.Debug|Any CPU.ActiveCfg = Debug|Any CPU
		{A84F013C-7312-4EE5-A0A3-B1AA34AA1112}.Debug|Any CPU.Build.0 = Debug|Any CPU
		{A84F013C-7312-4EE5-A0A3-B1AA34AA1112}.Release|Any CPU.ActiveCfg = Release|Any CPU
		{A84F013C-7312-4EE5-A0A3-B1AA34AA1112}.Release|Any CPU.Build.0 = Release|Any CPU
		{CB052B45-B39A-41BA-A4D8-4E5788D907E4}.Debug|Any CPU.ActiveCfg = Debug|Any CPU
		{CB052B45-B39A-41BA-A4D8-4E5788D907E4}.Debug|Any CPU.Build.0 = Debug|Any CPU
		{CB052B45-B39A-41BA-A4D8-4E5788D907E4}.Release|Any CPU.ActiveCfg = Release|Any CPU
		{CB052B45-B39A-41BA-A4D8-4E5788D907E4}.Release|Any CPU.Build.0 = Release|Any CPU
		{7A55656C-DD9E-4FEC-901B-4F98D898D3D6}.Debug|Any CPU.ActiveCfg = Debug|Any CPU
		{7A55656C-DD9E-4FEC-901B-4F98D898D3D6}.Debug|Any CPU.Build.0 = Debug|Any CPU
		{7A55656C-DD9E-4FEC-901B-4F98D898D3D6}.Release|Any CPU.ActiveCfg = Release|Any CPU
		{7A55656C-DD9E-4FEC-901B-4F98D898D3D6}.Release|Any CPU.Build.0 = Release|Any CPU
		{92D1ABEE-1682-43BA-B03C-6ECBDC97C580}.Debug|Any CPU.ActiveCfg = Debug|Any CPU
		{92D1ABEE-1682-43BA-B03C-6ECBDC97C580}.Debug|Any CPU.Build.0 = Debug|Any CPU
		{92D1ABEE-1682-43BA-B03C-6ECBDC97C580}.Release|Any CPU.ActiveCfg = Release|Any CPU
		{92D1ABEE-1682-43BA-B03C-6ECBDC97C580}.Release|Any CPU.Build.0 = Release|Any CPU
		{A59E7D91-A88D-444F-AFAB-19E6ABE1C858}.Debug|Any CPU.ActiveCfg = Debug|Any CPU
		{A59E7D91-A88D-444F-AFAB-19E6ABE1C858}.Debug|Any CPU.Build.0 = Debug|Any CPU
		{A59E7D91-A88D-444F-AFAB-19E6ABE1C858}.Release|Any CPU.ActiveCfg = Release|Any CPU
		{A59E7D91-A88D-444F-AFAB-19E6ABE1C858}.Release|Any CPU.Build.0 = Release|Any CPU
		{E8E354F5-CBB1-401C-9532-075CB543F568}.Debug|Any CPU.ActiveCfg = Debug|Any CPU
		{E8E354F5-CBB1-401C-9532-075CB543F568}.Debug|Any CPU.Build.0 = Debug|Any CPU
		{E8E354F5-CBB1-401C-9532-075CB543F568}.Release|Any CPU.ActiveCfg = Release|Any CPU
		{E8E354F5-CBB1-401C-9532-075CB543F568}.Release|Any CPU.Build.0 = Release|Any CPU
		{A927A789-E569-40E0-8883-3AC2DCC665A7}.Debug|Any CPU.ActiveCfg = Debug|Any CPU
		{A927A789-E569-40E0-8883-3AC2DCC665A7}.Debug|Any CPU.Build.0 = Debug|Any CPU
		{A927A789-E569-40E0-8883-3AC2DCC665A7}.Release|Any CPU.ActiveCfg = Release|Any CPU
		{A927A789-E569-40E0-8883-3AC2DCC665A7}.Release|Any CPU.Build.0 = Release|Any CPU
		{2DFE5662-735E-414E-B95A-0EFE1AEA347C}.Debug|Any CPU.ActiveCfg = Debug|Any CPU
		{2DFE5662-735E-414E-B95A-0EFE1AEA347C}.Debug|Any CPU.Build.0 = Debug|Any CPU
		{2DFE5662-735E-414E-B95A-0EFE1AEA347C}.Release|Any CPU.ActiveCfg = Release|Any CPU
		{2DFE5662-735E-414E-B95A-0EFE1AEA347C}.Release|Any CPU.Build.0 = Release|Any CPU
		{09129389-C59D-4FDA-A9D3-AF08F3E4CB24}.Debug|Any CPU.ActiveCfg = Debug|Any CPU
		{09129389-C59D-4FDA-A9D3-AF08F3E4CB24}.Debug|Any CPU.Build.0 = Debug|Any CPU
		{09129389-C59D-4FDA-A9D3-AF08F3E4CB24}.Release|Any CPU.ActiveCfg = Release|Any CPU
		{09129389-C59D-4FDA-A9D3-AF08F3E4CB24}.Release|Any CPU.Build.0 = Release|Any CPU
		{6AB9C4F6-013A-4A2D-BC67-ABA9F240D61D}.Debug|Any CPU.ActiveCfg = Debug|Any CPU
		{6AB9C4F6-013A-4A2D-BC67-ABA9F240D61D}.Debug|Any CPU.Build.0 = Debug|Any CPU
		{6AB9C4F6-013A-4A2D-BC67-ABA9F240D61D}.Release|Any CPU.ActiveCfg = Release|Any CPU
		{6AB9C4F6-013A-4A2D-BC67-ABA9F240D61D}.Release|Any CPU.Build.0 = Release|Any CPU
		{6EA8A6CB-3C2E-442A-8E10-46F21B81C348}.Debug|Any CPU.ActiveCfg = Debug|Any CPU
		{6EA8A6CB-3C2E-442A-8E10-46F21B81C348}.Debug|Any CPU.Build.0 = Debug|Any CPU
		{6EA8A6CB-3C2E-442A-8E10-46F21B81C348}.Release|Any CPU.ActiveCfg = Release|Any CPU
		{6EA8A6CB-3C2E-442A-8E10-46F21B81C348}.Release|Any CPU.Build.0 = Release|Any CPU
		{A6DBBCE2-5150-4628-B4D3-16DF3F975D71}.Debug|Any CPU.ActiveCfg = Debug|Any CPU
		{A6DBBCE2-5150-4628-B4D3-16DF3F975D71}.Debug|Any CPU.Build.0 = Debug|Any CPU
		{A6DBBCE2-5150-4628-B4D3-16DF3F975D71}.Release|Any CPU.ActiveCfg = Release|Any CPU
		{A6DBBCE2-5150-4628-B4D3-16DF3F975D71}.Release|Any CPU.Build.0 = Release|Any CPU
		{E15FC1C0-5DBF-4294-A86C-858606486D2C}.Debug|Any CPU.ActiveCfg = Debug|Any CPU
		{E15FC1C0-5DBF-4294-A86C-858606486D2C}.Debug|Any CPU.Build.0 = Debug|Any CPU
		{E15FC1C0-5DBF-4294-A86C-858606486D2C}.Release|Any CPU.ActiveCfg = Release|Any CPU
		{E15FC1C0-5DBF-4294-A86C-858606486D2C}.Release|Any CPU.Build.0 = Release|Any CPU
		{6076EAE4-E3C5-4AD7-A047-28D38D37E464}.Debug|Any CPU.ActiveCfg = Debug|Any CPU
		{6076EAE4-E3C5-4AD7-A047-28D38D37E464}.Debug|Any CPU.Build.0 = Debug|Any CPU
		{6076EAE4-E3C5-4AD7-A047-28D38D37E464}.Release|Any CPU.ActiveCfg = Release|Any CPU
		{6076EAE4-E3C5-4AD7-A047-28D38D37E464}.Release|Any CPU.Build.0 = Release|Any CPU
		{853C0A68-FDB0-4825-A9F7-20A9ED54CE94}.Debug|Any CPU.ActiveCfg = Debug|Any CPU
		{853C0A68-FDB0-4825-A9F7-20A9ED54CE94}.Debug|Any CPU.Build.0 = Debug|Any CPU
		{853C0A68-FDB0-4825-A9F7-20A9ED54CE94}.Release|Any CPU.ActiveCfg = Release|Any CPU
		{853C0A68-FDB0-4825-A9F7-20A9ED54CE94}.Release|Any CPU.Build.0 = Release|Any CPU
		{6D01EDD4-0ED2-431A-8ACE-E789795962BD}.Debug|Any CPU.ActiveCfg = Debug|Any CPU
		{6D01EDD4-0ED2-431A-8ACE-E789795962BD}.Debug|Any CPU.Build.0 = Debug|Any CPU
		{6D01EDD4-0ED2-431A-8ACE-E789795962BD}.Release|Any CPU.ActiveCfg = Release|Any CPU
		{6D01EDD4-0ED2-431A-8ACE-E789795962BD}.Release|Any CPU.Build.0 = Release|Any CPU
		{F84A98C6-2240-4477-8F38-76D00F58ED5F}.Debug|Any CPU.ActiveCfg = Debug|Any CPU
		{F84A98C6-2240-4477-8F38-76D00F58ED5F}.Debug|Any CPU.Build.0 = Debug|Any CPU
		{F84A98C6-2240-4477-8F38-76D00F58ED5F}.Release|Any CPU.ActiveCfg = Release|Any CPU
		{F84A98C6-2240-4477-8F38-76D00F58ED5F}.Release|Any CPU.Build.0 = Release|Any CPU
		{FF2BACA8-CE2E-4FCE-8776-8D65FCC60F64}.Debug|Any CPU.ActiveCfg = Debug|Any CPU
		{FF2BACA8-CE2E-4FCE-8776-8D65FCC60F64}.Debug|Any CPU.Build.0 = Debug|Any CPU
		{FF2BACA8-CE2E-4FCE-8776-8D65FCC60F64}.Release|Any CPU.ActiveCfg = Release|Any CPU
		{FF2BACA8-CE2E-4FCE-8776-8D65FCC60F64}.Release|Any CPU.Build.0 = Release|Any CPU
		{DA2D61A2-552E-4160-806A-7C0CE783C160}.Debug|Any CPU.ActiveCfg = Debug|Any CPU
		{DA2D61A2-552E-4160-806A-7C0CE783C160}.Debug|Any CPU.Build.0 = Debug|Any CPU
		{DA2D61A2-552E-4160-806A-7C0CE783C160}.Release|Any CPU.ActiveCfg = Release|Any CPU
		{DA2D61A2-552E-4160-806A-7C0CE783C160}.Release|Any CPU.Build.0 = Release|Any CPU
	EndGlobalSection
	GlobalSection(SolutionProperties) = preSolution
		HideSolutionNode = FALSE
	EndGlobalSection
	GlobalSection(ExtensibilityGlobals) = postSolution
		SolutionGuid = {72078513-10EC-4EDE-BD01-7C274F67A569}
	EndGlobalSection
EndGlobal
